
Microsoft Visual Studio Solution File, Format Version 12.00
# Visual Studio Version 17
VisualStudioVersion = 17.13.35806.99 d17.13
MinimumVisualStudioVersion = 10.0.40219.1
Project("{FAE04EC0-301F-11D3-BF4B-00C04F79EFBC}") = "2_sqlViewInEfCore", "1_sqlViewInEfCore\2_sqlViewInEfCore.csproj", "{FADDE7D8-402C-463F-AD45-5DB75C814D53}"
EndProject
Project("{FAE04EC0-301F-11D3-BF4B-00C04F79EFBC}") = "1_ReverseEnginering", "1_ReverseEnginering\1_ReverseEnginering.csproj", "{77B6B7F6-1935-4003-A1EB-ED04E8B7446E}"
EndProject
Global
	GlobalSection(SolutionConfigurationPlatforms) = preSolution
		Debug|Any CPU = Debug|Any CPU
		Release|Any CPU = Release|Any CPU
	EndGlobalSection
	GlobalSection(ProjectConfigurationPlatforms) = postSolution
		{FADDE7D8-402C-463F-AD45-5DB75C814D53}.Debug|Any CPU.ActiveCfg = Debug|Any CPU
		{FADDE7D8-402C-463F-AD45-5DB75C814D53}.Debug|Any CPU.Build.0 = Debug|Any CPU
		{FADDE7D8-402C-463F-AD45-5DB75C814D53}.Release|Any CPU.ActiveCfg = Release|Any CPU
		{FADDE7D8-402C-463F-AD45-5DB75C814D53}.Release|Any CPU.Build.0 = Release|Any CPU
		{77B6B7F6-1935-4003-A1EB-ED04E8B7446E}.Debug|Any CPU.ActiveCfg = Debug|Any CPU
		{77B6B7F6-1935-4003-A1EB-ED04E8B7446E}.Debug|Any CPU.Build.0 = Debug|Any CPU
		{77B6B7F6-1935-4003-A1EB-ED04E8B7446E}.Release|Any CPU.ActiveCfg = Release|Any CPU
		{77B6B7F6-1935-4003-A1EB-ED04E8B7446E}.Release|Any CPU.Build.0 = Release|Any CPU
	EndGlobalSection
	GlobalSection(SolutionProperties) = preSolution
		HideSolutionNode = FALSE
	EndGlobalSection
	GlobalSection(ExtensibilityGlobals) = postSolution
		SolutionGuid = {443AD18A-8B3E-4E53-B80C-0D91ACB3008B}
	EndGlobalSection
EndGlobal
